
Microsoft Visual Studio Solution File, Format Version 12.00
# Visual Studio Version 17
VisualStudioVersion = 17.7.34024.191
MinimumVisualStudioVersion = 10.0.40219.1
Project("{FAE04EC0-301F-11D3-BF4B-00C04F79EFBC}") = "ConsoleApp4", "ConsoleApp4\ConsoleApp4.csproj", "{C921E9A1-82D2-4434-B739-2CF7AF49B628}"
EndProject
Global
	GlobalSection(SolutionConfigurationPlatforms) = preSolution
		Debug|Any CPU = Debug|Any CPU
		Release|Any CPU = Release|Any CPU
	EndGlobalSection
	GlobalSection(ProjectConfigurationPlatforms) = postSolution
		{C921E9A1-82D2-4434-B739-2CF7AF49B628}.Debug|Any CPU.ActiveCfg = Debug|Any CPU
		{C921E9A1-82D2-4434-B739-2CF7AF49B628}.Debug|Any CPU.Build.0 = Debug|Any CPU
		{C921E9A1-82D2-4434-B739-2CF7AF49B628}.Release|Any CPU.ActiveCfg = Release|Any CPU
		{C921E9A1-82D2-4434-B739-2CF7AF49B628}.Release|Any CPU.Build.0 = Release|Any CPU
	EndGlobalSection
	GlobalSection(SolutionProperties) = preSolution
		HideSolutionNode = FALSE
	EndGlobalSection
	GlobalSection(ExtensibilityGlobals) = postSolution
		SolutionGuid = {8986F9CA-748A-493E-8C92-BB00A9C9755D}
	EndGlobalSection
EndGlobal
